{
  "pins" : [
    {
      "identity" : "ios-sdks",
      "kind" : "remoteSourceControl",
      "location" : "https://github.com/thunder-id/ios-sdks.git",
      "state" : {
        "revision" : "ebe9d8d37763cd4010b73b251221de2d35d18ba4",
        "version" : "1.2.0"
      }
    }
  ],
  "version" : 2
}
